schema: '2.0'
stages:
  data_ingestion:
    cmd: python src/data/data_ingestion.py
    deps:
    - path: src/data/data_ingestion.py
      hash: md5
      md5: 225f2c9440d9c347d73188eddeb1daa0
      size: 5887
    params:
      params.yaml:
        data_ingestion.test_size: 0.2
    outs:
    - path: data/raw
      hash: md5
      md5: d86336407faad66f4d73b3c5975d323b.dir
      size: 817597
      nfiles: 2
  data_preprocessing:
    cmd: python src/data/data_preprocessing.py
    deps:
    - path: data/raw
      hash: md5
      md5: d86336407faad66f4d73b3c5975d323b.dir
      size: 817597
      nfiles: 2
    - path: src/data/data_preprocessing.py
      hash: md5
      md5: 38e8acc4ab198797e6a15579464dcbc0
      size: 6973
    outs:
    - path: data/interim
      hash: md5
      md5: 85b7fddb0c61bc5e223152c4b90afb81.dir
      size: 501805
      nfiles: 2
  feature_engineering:
    cmd: python src/features/feature_engineering.py
    deps:
    - path: data/interim
      hash: md5
      md5: 85b7fddb0c61bc5e223152c4b90afb81.dir
      size: 501805
      nfiles: 2
    - path: src/features/feature_engineering.py
      hash: md5
      md5: 262e5326a9ea732406836a7ff2091c50
      size: 4783
    params:
      params.yaml:
        feature_engineering.max_features: 2000
    outs:
    - path: data/processed
      hash: md5
      md5: ed371bad881ba6500b2d493fadab4a17.dir
      size: 41534540
      nfiles: 2
    - path: models/vectorizer.pkl
      hash: md5
      md5: 330d8f48d8dac56828903d24fdeaf3a5
      size: 55238
  model_building:
    cmd: python src/model/model_building.py
    deps:
    - path: data/processed
      hash: md5
      md5: ed371bad881ba6500b2d493fadab4a17.dir
      size: 41534540
      nfiles: 2
    - path: src/model/model_building.py
      hash: md5
      md5: bf6d7ef6f9388a717122ff45046ae669
      size: 3011
    outs:
    - path: models/model.pkl
      hash: md5
      md5: 52cfa6244b1d4aa33af3fa2566cb1c42
      size: 138683
  model_evaluation:
    cmd: python src/model/model_evaluation.py
    deps:
    - path: models/model.pkl
      hash: md5
      md5: 52cfa6244b1d4aa33af3fa2566cb1c42
      size: 138683
    - path: src/model/model_evaluation.py
      hash: md5
      md5: e1d8ee58e6d57fba8b5e1be2ffada785
      size: 6630
    outs:
    - path: pipeline-logs
      hash: md5
      md5: 6e2dc1cf650ac4a2626c3634988abf62.dir
      size: 7396
      nfiles: 6
    - path: reports/metrics.json
      hash: md5
      md5: a872867e51416c544f188887c256c524
      size: 177
    - path: reports/model_info.json
      hash: md5
      md5: 73a728fd195648d5a99ecb6f4e477f5c
      size: 79
  model_registory:
    cmd: python src/model/model_evaluation.py
    deps:
    - path: reports/model_info.json
      hash: md5
      md5: df3df429362478f138598772f39ac251
      size: 79
    - path: src/model/model_registory.py
      hash: md5
      md5: f032d056f0572990fb810828c84ff4ee
      size: 4031
  model_registry:
    cmd: python src/model/model_registry.py
    deps:
    - path: reports/model_info.json
      hash: md5
      md5: 73a728fd195648d5a99ecb6f4e477f5c
      size: 79
    - path: src/model/model_registry.py
      hash: md5
      md5: 2dda40252dc627fcb87ed410fa4ea87f
      size: 4200
