schema: '2.0'
stages:
  data_ingestion:
    cmd: python src/data/data_ingestion.py
    deps:
    - path: src/data/data_ingestion.py
      hash: md5
      md5: 97a72153af931a6b13a0b3975da1b02d
      size: 5778
    params:
      params.yaml:
        data_ingestion.test_size: 0.2
    outs:
    - path: data/raw
      hash: md5
      md5: d86336407faad66f4d73b3c5975d323b.dir
      size: 817597
      nfiles: 2
  data_preprocessing:
    cmd: python src/data/data_preprocessing.py
    deps:
    - path: data/raw
      hash: md5
      md5: d86336407faad66f4d73b3c5975d323b.dir
      size: 817597
      nfiles: 2
    - path: src/data/data_preprocessing.py
      hash: md5
      md5: 0e9a665545e01efd8840bd756fbc7a9f
      size: 6896
    outs:
    - path: data/interim
      hash: md5
      md5: 85b7fddb0c61bc5e223152c4b90afb81.dir
      size: 501805
      nfiles: 2
  feature_engineering:
    cmd: python src/features/feature_engineering.py
    deps:
    - path: data/interim
      hash: md5
      md5: 85b7fddb0c61bc5e223152c4b90afb81.dir
      size: 501805
      nfiles: 2
    - path: src/features/feature_engineering.py
      hash: md5
      md5: 5e2de1c28eec87be20379a3bd21c08af
      size: 4740
    params:
      params.yaml:
        feature_engineering.max_features: 4000
    outs:
    - path: data/processed
      hash: md5
      md5: a8a28c921bd35b83c8866c5be766dc6e.dir
      size: 83050540
      nfiles: 2
    - path: models/vectorizer.pkl
      hash: md5
      md5: 180743f4e8217171ac2a576e1378af67
      size: 112095
  model_building:
    cmd: python src/model/model_building.py
    deps:
    - path: data/processed
      hash: md5
      md5: a8a28c921bd35b83c8866c5be766dc6e.dir
      size: 83050540
      nfiles: 2
    - path: src/model/model_building.py
      hash: md5
      md5: da2c09e30fdc83ac1fe18141ff26b367
      size: 3044
    outs:
    - path: models/model.pkl
      hash: md5
      md5: 18592ec94c0461b0fb3e0ce3dc2b2043
      size: 28434
  model_evaluation:
    cmd: python src/model/model_evaluation.py
    deps:
    - path: models/model.pkl
      hash: md5
      md5: 18592ec94c0461b0fb3e0ce3dc2b2043
      size: 28434
    - path: src/model/model_evaluation.py
      hash: md5
      md5: 4b848019a5b1a46482679d82c5640ea1
      size: 6446
    outs:
    - path: pipeline-logs
      hash: md5
      md5: 1cb5679ef37e6582cad5913ebd026f91.dir
      size: 6446
      nfiles: 5
    - path: reports/metrics.json
      hash: md5
      md5: 0f2881fe44f257fc94e0c1ea6cb02ba4
      size: 180
    - path: reports/model_info.json
      hash: md5
      md5: febe4e6154545acf9566c14ad0a7723d
      size: 79
