schema: '2.0'
stages:
  data_ingestion:
    cmd: python src/data/data_ingestion.py
    deps:
    - path: src/data/data_ingestion.py
      hash: md5
      md5: 97a72153af931a6b13a0b3975da1b02d
      size: 5778
    params:
      params.yaml:
        data_ingestion.test_size: 0.25
    outs:
    - path: data/raw
      hash: md5
      md5: 83832d6023b23644118aff756f216c39.dir
      size: 817597
      nfiles: 2
  data_preprocessing:
    cmd: python src/data/data_preprocessing.py
    deps:
    - path: data/raw
      hash: md5
      md5: 83832d6023b23644118aff756f216c39.dir
      size: 817597
      nfiles: 2
    - path: src/data/data_preprocessing.py
      hash: md5
      md5: 0e9a665545e01efd8840bd756fbc7a9f
      size: 6896
    outs:
    - path: data/interim
      hash: md5
      md5: 1aafcca3847533fd588e6313ced50163.dir
      size: 501805
      nfiles: 2
  feature_engineering:
    cmd: python src/features/feature_engineering.py
    deps:
    - path: data/interim
      hash: md5
      md5: 1aafcca3847533fd588e6313ced50163.dir
      size: 501805
      nfiles: 2
    - path: src/features/feature_engineering.py
      hash: md5
      md5: 5e2de1c28eec87be20379a3bd21c08af
      size: 4740
    params:
      params.yaml:
        feature_engineering.max_features: 2000
    outs:
    - path: data/processed
      hash: md5
      md5: 96e913ba39630d4cddd11a0a8a8e47c6.dir
      size: 41534540
      nfiles: 2
    - path: models/vectorizer.pkl
      hash: md5
      md5: 6e6c6a542af2f71f6223005824724add
      size: 55282
  model_building:
    cmd: python src/model/model_building.py
    deps:
    - path: data/processed
      hash: md5
      md5: 96e913ba39630d4cddd11a0a8a8e47c6.dir
      size: 41534540
      nfiles: 2
    - path: src/model/model_building.py
      hash: md5
      md5: da2c09e30fdc83ac1fe18141ff26b367
      size: 3044
    outs:
    - path: models/model.pkl
      hash: md5
      md5: 21cc34ab1a50cab3be0b0f9085cf6ee6
      size: 30034
  model_evaluation:
    cmd: python src/model/model_evaluation.py
    deps:
    - path: models/model.pkl
      hash: md5
      md5: 21cc34ab1a50cab3be0b0f9085cf6ee6
      size: 30034
    - path: src/model/model_evaluation.py
      hash: md5
      md5: df17cec3d73329bf39dca3f2e1852218
      size: 5980
    outs:
    - path: pipeline-logs
      hash: md5
      md5: 33a16d67174aeef55cdf04546c16d7d0.dir
      size: 6253
      nfiles: 5
    - path: reports/metrics.json
      hash: md5
      md5: f0b39c40e07daa312f8c22354ef5301e
      size: 180
    - path: reports/model_info.json
      hash: md5
      md5: 40dabf944f1ced59e5c13b1c89d6d298
      size: 79
